
Microsoft Visual Studio Solution File, Format Version 11.00
# Visual Studio 2010
Project("{FAE04EC0-301F-11D3-BF4B-00C04F79EFBC}") = "NoRMQuickStart", "NoSQLAndDotNet\NoRMQuickStart\NoRMQuickStart.csproj", "{F6F6A506-E470-40DB-8B93-F6B70F2E12FE}"
EndProject
Project("{FAE04EC0-301F-11D3-BF4B-00C04F79EFBC}") = "DLRQuickStart", "DynamicLanguages\DLRQuickStart\DLRQuickStart.csproj", "{CF56F8CE-3CE0-4E09-8D9B-5273E7FC8E8F}"
EndProject
Project("{FAE04EC0-301F-11D3-BF4B-00C04F79EFBC}") = "HostedBoo", "DynamicLanguages\HostedBoo\HostedBoo.csproj", "{451FE559-5A9C-4396-82CB-9054205B90B4}"
EndProject
Project("{FAE04EC0-301F-11D3-BF4B-00C04F79EFBC}") = "HostedIronPython", "DynamicLanguages\HostedIronPython\HostedIronPython.csproj", "{ED6FA951-E3C5-4A25-A2B9-F9DEC76AD533}"
EndProject
Project("{FAE04EC0-301F-11D3-BF4B-00C04F79EFBC}") = "HostedIronPython2", "DynamicLanguages\HostedIronPython2\HostedIronPython2.csproj", "{C27BC847-DE72-4B28-A88B-643C47F0F707}"
EndProject
Project("{FAE04EC0-301F-11D3-BF4B-00C04F79EFBC}") = "MvcExtensions", "ASPDotNetMVCExtensibility\MvcExtensions\MvcExtensions.csproj", "{3D65A06E-44AF-48D4-96F0-9FFDC95D6803}"
EndProject
Project("{FAE04EC0-301F-11D3-BF4B-00C04F79EFBC}") = "MVCContribSamples", "ASPDotNetMVCExtensibility\MVCContribSamples\MVCContribSamples.csproj", "{A90C3E2D-0939-4FD9-B64C-C0F828A5F159}"
EndProject
Project("{FAE04EC0-301F-11D3-BF4B-00C04F79EFBC}") = "MongoDBQuickStart", "NoSQLAndDotNet\MongoDBQuickStart\MongoDBQuickStart.csproj", "{7EBB05BD-A6C2-4156-B25A-F9A332C7599D}"
EndProject
Global
	GlobalSection(SolutionConfigurationPlatforms) = preSolution
		Debug|Any CPU = Debug|Any CPU
		Debug|Mixed Platforms = Debug|Mixed Platforms
		Debug|x86 = Debug|x86
		Release|Any CPU = Release|Any CPU
		Release|Mixed Platforms = Release|Mixed Platforms
		Release|x86 = Release|x86
	EndGlobalSection
	GlobalSection(ProjectConfigurationPlatforms) = postSolution
		{F6F6A506-E470-40DB-8B93-F6B70F2E12FE}.Debug|Any CPU.ActiveCfg = Debug|x86
		{F6F6A506-E470-40DB-8B93-F6B70F2E12FE}.Debug|Mixed Platforms.ActiveCfg = Debug|x86
		{F6F6A506-E470-40DB-8B93-F6B70F2E12FE}.Debug|Mixed Platforms.Build.0 = Debug|x86
		{F6F6A506-E470-40DB-8B93-F6B70F2E12FE}.Debug|x86.ActiveCfg = Debug|x86
		{F6F6A506-E470-40DB-8B93-F6B70F2E12FE}.Debug|x86.Build.0 = Debug|x86
		{F6F6A506-E470-40DB-8B93-F6B70F2E12FE}.Release|Any CPU.ActiveCfg = Release|x86
		{F6F6A506-E470-40DB-8B93-F6B70F2E12FE}.Release|Mixed Platforms.ActiveCfg = Release|x86
		{F6F6A506-E470-40DB-8B93-F6B70F2E12FE}.Release|Mixed Platforms.Build.0 = Release|x86
		{F6F6A506-E470-40DB-8B93-F6B70F2E12FE}.Release|x86.ActiveCfg = Release|x86
		{F6F6A506-E470-40DB-8B93-F6B70F2E12FE}.Release|x86.Build.0 = Release|x86
		{CF56F8CE-3CE0-4E09-8D9B-5273E7FC8E8F}.Debug|Any CPU.ActiveCfg = Debug|Any CPU
		{CF56F8CE-3CE0-4E09-8D9B-5273E7FC8E8F}.Debug|Any CPU.Build.0 = Debug|Any CPU
		{CF56F8CE-3CE0-4E09-8D9B-5273E7FC8E8F}.Debug|Mixed Platforms.ActiveCfg = Debug|Any CPU
		{CF56F8CE-3CE0-4E09-8D9B-5273E7FC8E8F}.Debug|Mixed Platforms.Build.0 = Debug|Any CPU
		{CF56F8CE-3CE0-4E09-8D9B-5273E7FC8E8F}.Debug|x86.ActiveCfg = Debug|Any CPU
		{CF56F8CE-3CE0-4E09-8D9B-5273E7FC8E8F}.Release|Any CPU.ActiveCfg = Release|Any CPU
		{CF56F8CE-3CE0-4E09-8D9B-5273E7FC8E8F}.Release|Any CPU.Build.0 = Release|Any CPU
		{CF56F8CE-3CE0-4E09-8D9B-5273E7FC8E8F}.Release|Mixed Platforms.ActiveCfg = Release|Any CPU
		{CF56F8CE-3CE0-4E09-8D9B-5273E7FC8E8F}.Release|Mixed Platforms.Build.0 = Release|Any CPU
		{CF56F8CE-3CE0-4E09-8D9B-5273E7FC8E8F}.Release|x86.ActiveCfg = Release|Any CPU
		{451FE559-5A9C-4396-82CB-9054205B90B4}.Debug|Any CPU.ActiveCfg = Debug|Any CPU
		{451FE559-5A9C-4396-82CB-9054205B90B4}.Debug|Any CPU.Build.0 = Debug|Any CPU
		{451FE559-5A9C-4396-82CB-9054205B90B4}.Debug|Mixed Platforms.ActiveCfg = Debug|Any CPU
		{451FE559-5A9C-4396-82CB-9054205B90B4}.Debug|Mixed Platforms.Build.0 = Debug|Any CPU
		{451FE559-5A9C-4396-82CB-9054205B90B4}.Debug|x86.ActiveCfg = Debug|Any CPU
		{451FE559-5A9C-4396-82CB-9054205B90B4}.Release|Any CPU.ActiveCfg = Release|Any CPU
		{451FE559-5A9C-4396-82CB-9054205B90B4}.Release|Any CPU.Build.0 = Release|Any CPU
		{451FE559-5A9C-4396-82CB-9054205B90B4}.Release|Mixed Platforms.ActiveCfg = Release|Any CPU
		{451FE559-5A9C-4396-82CB-9054205B90B4}.Release|Mixed Platforms.Build.0 = Release|Any CPU
		{451FE559-5A9C-4396-82CB-9054205B90B4}.Release|x86.ActiveCfg = Release|Any CPU
		{ED6FA951-E3C5-4A25-A2B9-F9DEC76AD533}.Debug|Any CPU.ActiveCfg = Debug|Any CPU
		{ED6FA951-E3C5-4A25-A2B9-F9DEC76AD533}.Debug|Any CPU.Build.0 = Debug|Any CPU
		{ED6FA951-E3C5-4A25-A2B9-F9DEC76AD533}.Debug|Mixed Platforms.ActiveCfg = Debug|Any CPU
		{ED6FA951-E3C5-4A25-A2B9-F9DEC76AD533}.Debug|Mixed Platforms.Build.0 = Debug|Any CPU
		{ED6FA951-E3C5-4A25-A2B9-F9DEC76AD533}.Debug|x86.ActiveCfg = Debug|Any CPU
		{ED6FA951-E3C5-4A25-A2B9-F9DEC76AD533}.Release|Any CPU.ActiveCfg = Release|Any CPU
		{ED6FA951-E3C5-4A25-A2B9-F9DEC76AD533}.Release|Any CPU.Build.0 = Release|Any CPU
		{ED6FA951-E3C5-4A25-A2B9-F9DEC76AD533}.Release|Mixed Platforms.ActiveCfg = Release|Any CPU
		{ED6FA951-E3C5-4A25-A2B9-F9DEC76AD533}.Release|Mixed Platforms.Build.0 = Release|Any CPU
		{ED6FA951-E3C5-4A25-A2B9-F9DEC76AD533}.Release|x86.ActiveCfg = Release|Any CPU
		{C27BC847-DE72-4B28-A88B-643C47F0F707}.Debug|Any CPU.ActiveCfg = Debug|x86
		{C27BC847-DE72-4B28-A88B-643C47F0F707}.Debug|Mixed Platforms.ActiveCfg = Debug|x86
		{C27BC847-DE72-4B28-A88B-643C47F0F707}.Debug|Mixed Platforms.Build.0 = Debug|x86
		{C27BC847-DE72-4B28-A88B-643C47F0F707}.Debug|x86.ActiveCfg = Debug|x86
		{C27BC847-DE72-4B28-A88B-643C47F0F707}.Debug|x86.Build.0 = Debug|x86
		{C27BC847-DE72-4B28-A88B-643C47F0F707}.Release|Any CPU.ActiveCfg = Release|x86
		{C27BC847-DE72-4B28-A88B-643C47F0F707}.Release|Mixed Platforms.ActiveCfg = Release|x86
		{C27BC847-DE72-4B28-A88B-643C47F0F707}.Release|Mixed Platforms.Build.0 = Release|x86
		{C27BC847-DE72-4B28-A88B-643C47F0F707}.Release|x86.ActiveCfg = Release|x86
		{C27BC847-DE72-4B28-A88B-643C47F0F707}.Release|x86.Build.0 = Release|x86
		{3D65A06E-44AF-48D4-96F0-9FFDC95D6803}.Debug|Any CPU.ActiveCfg = Debug|Any CPU
		{3D65A06E-44AF-48D4-96F0-9FFDC95D6803}.Debug|Any CPU.Build.0 = Debug|Any CPU
		{3D65A06E-44AF-48D4-96F0-9FFDC95D6803}.Debug|Mixed Platforms.ActiveCfg = Debug|Any CPU
		{3D65A06E-44AF-48D4-96F0-9FFDC95D6803}.Debug|Mixed Platforms.Build.0 = Debug|Any CPU
		{3D65A06E-44AF-48D4-96F0-9FFDC95D6803}.Debug|x86.ActiveCfg = Debug|Any CPU
		{3D65A06E-44AF-48D4-96F0-9FFDC95D6803}.Release|Any CPU.ActiveCfg = Release|Any CPU
		{3D65A06E-44AF-48D4-96F0-9FFDC95D6803}.Release|Any CPU.Build.0 = Release|Any CPU
		{3D65A06E-44AF-48D4-96F0-9FFDC95D6803}.Release|Mixed Platforms.ActiveCfg = Release|Any CPU
		{3D65A06E-44AF-48D4-96F0-9FFDC95D6803}.Release|Mixed Platforms.Build.0 = Release|Any CPU
		{3D65A06E-44AF-48D4-96F0-9FFDC95D6803}.Release|x86.ActiveCfg = Release|Any CPU
		{A90C3E2D-0939-4FD9-B64C-C0F828A5F159}.Debug|Any CPU.ActiveCfg = Debug|Any CPU
		{A90C3E2D-0939-4FD9-B64C-C0F828A5F159}.Debug|Any CPU.Build.0 = Debug|Any CPU
		{A90C3E2D-0939-4FD9-B64C-C0F828A5F159}.Debug|Mixed Platforms.ActiveCfg = Debug|Any CPU
		{A90C3E2D-0939-4FD9-B64C-C0F828A5F159}.Debug|Mixed Platforms.Build.0 = Debug|Any CPU
		{A90C3E2D-0939-4FD9-B64C-C0F828A5F159}.Debug|x86.ActiveCfg = Debug|Any CPU
		{A90C3E2D-0939-4FD9-B64C-C0F828A5F159}.Release|Any CPU.ActiveCfg = Release|Any CPU
		{A90C3E2D-0939-4FD9-B64C-C0F828A5F159}.Release|Any CPU.Build.0 = Release|Any CPU
		{A90C3E2D-0939-4FD9-B64C-C0F828A5F159}.Release|Mixed Platforms.ActiveCfg = Release|Any CPU
		{A90C3E2D-0939-4FD9-B64C-C0F828A5F159}.Release|Mixed Platforms.Build.0 = Release|Any CPU
		{A90C3E2D-0939-4FD9-B64C-C0F828A5F159}.Release|x86.ActiveCfg = Release|Any CPU
		{7EBB05BD-A6C2-4156-B25A-F9A332C7599D}.Debug|Any CPU.ActiveCfg = Debug|x86
		{7EBB05BD-A6C2-4156-B25A-F9A332C7599D}.Debug|Mixed Platforms.ActiveCfg = Debug|x86
		{7EBB05BD-A6C2-4156-B25A-F9A332C7599D}.Debug|Mixed Platforms.Build.0 = Debug|x86
		{7EBB05BD-A6C2-4156-B25A-F9A332C7599D}.Debug|x86.ActiveCfg = Debug|x86
		{7EBB05BD-A6C2-4156-B25A-F9A332C7599D}.Debug|x86.Build.0 = Debug|x86
		{7EBB05BD-A6C2-4156-B25A-F9A332C7599D}.Release|Any CPU.ActiveCfg = Release|x86
		{7EBB05BD-A6C2-4156-B25A-F9A332C7599D}.Release|Mixed Platforms.ActiveCfg = Release|x86
		{7EBB05BD-A6C2-4156-B25A-F9A332C7599D}.Release|Mixed Platforms.Build.0 = Release|x86
		{7EBB05BD-A6C2-4156-B25A-F9A332C7599D}.Release|x86.ActiveCfg = Release|x86
		{7EBB05BD-A6C2-4156-B25A-F9A332C7599D}.Release|x86.Build.0 = Release|x86
	EndGlobalSection
	GlobalSection(SolutionProperties) = preSolution
		HideSolutionNode = FALSE
	EndGlobalSection
EndGlobal
