
Microsoft Visual Studio Solution File, Format Version 11.00
# Visual Studio 2010
Project("{FAE04EC0-301F-11D3-BF4B-00C04F79EFBC}") = "WP7MangoLocationQuickStart", "WP7MangoLocationQuickStart.csproj", "{D81E44EF-25F2-4613-B418-15E60850FD78}"
EndProject
Project("{FAE04EC0-301F-11D3-BF4B-00C04F79EFBC}") = "LocationTracker", "..\LocationTracker\LocationTracker.csproj", "{14526BC2-EA8F-4C90-8CBD-D3D5E0D8178B}"
EndProject
Project("{FAE04EC0-301F-11D3-BF4B-00C04F79EFBC}") = "CarFinder", "..\CarFinder\CarFinder.csproj", "{62209F9A-29FB-4E40-B2E2-211E787DF8CB}"
EndProject
Project("{FAE04EC0-301F-11D3-BF4B-00C04F79EFBC}") = "NearMe", "..\NearMe\NearMe.csproj", "{B679ACB9-8C1A-4DBA-B303-F3D25206559F}"
EndProject
Global
	GlobalSection(SolutionConfigurationPlatforms) = preSolution
		Debug|Any CPU = Debug|Any CPU
		Release|Any CPU = Release|Any CPU
	EndGlobalSection
	GlobalSection(ProjectConfigurationPlatforms) = postSolution
		{D81E44EF-25F2-4613-B418-15E60850FD78}.Debug|Any CPU.ActiveCfg = Debug|Any CPU
		{D81E44EF-25F2-4613-B418-15E60850FD78}.Debug|Any CPU.Build.0 = Debug|Any CPU
		{D81E44EF-25F2-4613-B418-15E60850FD78}.Debug|Any CPU.Deploy.0 = Debug|Any CPU
		{D81E44EF-25F2-4613-B418-15E60850FD78}.Release|Any CPU.ActiveCfg = Release|Any CPU
		{D81E44EF-25F2-4613-B418-15E60850FD78}.Release|Any CPU.Build.0 = Release|Any CPU
		{D81E44EF-25F2-4613-B418-15E60850FD78}.Release|Any CPU.Deploy.0 = Release|Any CPU
		{14526BC2-EA8F-4C90-8CBD-D3D5E0D8178B}.Debug|Any CPU.ActiveCfg = Debug|Any CPU
		{14526BC2-EA8F-4C90-8CBD-D3D5E0D8178B}.Debug|Any CPU.Build.0 = Debug|Any CPU
		{14526BC2-EA8F-4C90-8CBD-D3D5E0D8178B}.Debug|Any CPU.Deploy.0 = Debug|Any CPU
		{14526BC2-EA8F-4C90-8CBD-D3D5E0D8178B}.Release|Any CPU.ActiveCfg = Release|Any CPU
		{14526BC2-EA8F-4C90-8CBD-D3D5E0D8178B}.Release|Any CPU.Build.0 = Release|Any CPU
		{14526BC2-EA8F-4C90-8CBD-D3D5E0D8178B}.Release|Any CPU.Deploy.0 = Release|Any CPU
		{62209F9A-29FB-4E40-B2E2-211E787DF8CB}.Debug|Any CPU.ActiveCfg = Debug|Any CPU
		{62209F9A-29FB-4E40-B2E2-211E787DF8CB}.Debug|Any CPU.Build.0 = Debug|Any CPU
		{62209F9A-29FB-4E40-B2E2-211E787DF8CB}.Debug|Any CPU.Deploy.0 = Debug|Any CPU
		{62209F9A-29FB-4E40-B2E2-211E787DF8CB}.Release|Any CPU.ActiveCfg = Release|Any CPU
		{62209F9A-29FB-4E40-B2E2-211E787DF8CB}.Release|Any CPU.Build.0 = Release|Any CPU
		{62209F9A-29FB-4E40-B2E2-211E787DF8CB}.Release|Any CPU.Deploy.0 = Release|Any CPU
		{B679ACB9-8C1A-4DBA-B303-F3D25206559F}.Debug|Any CPU.ActiveCfg = Debug|Any CPU
		{B679ACB9-8C1A-4DBA-B303-F3D25206559F}.Debug|Any CPU.Build.0 = Debug|Any CPU
		{B679ACB9-8C1A-4DBA-B303-F3D25206559F}.Debug|Any CPU.Deploy.0 = Debug|Any CPU
		{B679ACB9-8C1A-4DBA-B303-F3D25206559F}.Release|Any CPU.ActiveCfg = Release|Any CPU
		{B679ACB9-8C1A-4DBA-B303-F3D25206559F}.Release|Any CPU.Build.0 = Release|Any CPU
		{B679ACB9-8C1A-4DBA-B303-F3D25206559F}.Release|Any CPU.Deploy.0 = Release|Any CPU
	EndGlobalSection
	GlobalSection(SolutionProperties) = preSolution
		HideSolutionNode = FALSE
	EndGlobalSection
EndGlobal
