
Microsoft Visual Studio Solution File, Format Version 11.00
# Visual Studio 2010
Project("{FAE04EC0-301F-11D3-BF4B-00C04F79EFBC}") = "IronPythonViewEngine", "IronPythonViewEngine.csproj", "{23EA4C8D-1AC1-46E6-9BEE-1A849113C5BF}"
EndProject
Global
	GlobalSection(SolutionConfigurationPlatforms) = preSolution
		Debug|Any CPU = Debug|Any CPU
		Release|Any CPU = Release|Any CPU
	EndGlobalSection
	GlobalSection(ProjectConfigurationPlatforms) = postSolution
		{23EA4C8D-1AC1-46E6-9BEE-1A849113C5BF}.Debug|Any CPU.ActiveCfg = Debug|Any CPU
		{23EA4C8D-1AC1-46E6-9BEE-1A849113C5BF}.Debug|Any CPU.Build.0 = Debug|Any CPU
		{23EA4C8D-1AC1-46E6-9BEE-1A849113C5BF}.Release|Any CPU.ActiveCfg = Release|Any CPU
		{23EA4C8D-1AC1-46E6-9BEE-1A849113C5BF}.Release|Any CPU.Build.0 = Release|Any CPU
	EndGlobalSection
	GlobalSection(SolutionProperties) = preSolution
		HideSolutionNode = FALSE
	EndGlobalSection
EndGlobal
